{
    "version": "0.5",
    "requires": [
        "zlib/1.2.13#13c96f538b52e1600c40b88994de240f%1678736972.703",
        "spdlog/1.11.0#faa6eb03bd1009bf2070b0c77e4f56a6%1678736998.912",
        "secp256k1/0.17.0#c376bc7bd3641b0034853faca6e2dde3%1678827745.543",
        "node/0.33.0#4025eb190597432ec32ef803a664c255%1679000621.942",
        "network/0.32.0#6dc96598d565f9f0deb275948231b871%1678993495.995",
        "lmdb/0.9.29#c277645fc26fc806a406b525c5845455%1678973284.084",
        "libbacktrace/cci.20210118#ec1aa63bbc10145c6a299e68e711670c%1678736970.507",
        "infrastructure/0.24.0#001a199a07d6d60e471f265cfa8ab836%1678894647.661",
        "gmp/6.2.1#9cd6e4a851f6ffd6ea5b5d563f23abcc%1678458361.989",
        "fmt/9.1.0#e747928f85b03f48aaf227ff897d9634%1678736980.234",
        "domain/0.29.0#e007ed92131d93dd926d3bbca07b6859%1678964925.606",
        "database/0.28.0#0d108e164bc212b382e96176c8efd09c%1678983724.965",
        "consensus/0.23.0#0b00dfe259388e445433a64af5e0b512%1678985312.778",
        "bzip2/1.0.8#23cc41191fd58460207c5db046033507%1678736990.68",
        "boost/1.81.0#8dcd9d9df9e0d320714b83cceddbe120%1678737953.628",
        "blockchain/0.27.0#988783e84f289db3f62678a712cb02de%1678990953.662"
    ],
    "build_requires": [
        "m4/1.4.19#c1c4b1ee919e34630bb9b50046253d3c%1676610086.39",
        "b2/4.9.3#5445210661950ce568cfd76158d9e117%1675784082.47"
    ],
    "python_requires": []
}